
Microsoft Visual Studio Solution File, Format Version 12.00
# Visual Studio Version 17
VisualStudioVersion = 17.4.33213.308
MinimumVisualStudioVersion = 10.0.40219.1
Project("{FAE04EC0-301F-11D3-BF4B-00C04F79EFBC}") = "Tarea1-Semana2", "Tarea1-Semana2\Tarea1-Semana2.csproj", "{7F79D552-3313-4C98-8C5C-AB76DC09FADB}"
EndProject
Global
	GlobalSection(SolutionConfigurationPlatforms) = preSolution
		Debug|Any CPU = Debug|Any CPU
		Release|Any CPU = Release|Any CPU
	EndGlobalSection
	GlobalSection(ProjectConfigurationPlatforms) = postSolution
		{7F79D552-3313-4C98-8C5C-AB76DC09FADB}.Debug|Any CPU.ActiveCfg = Debug|Any CPU
		{7F79D552-3313-4C98-8C5C-AB76DC09FADB}.Debug|Any CPU.Build.0 = Debug|Any CPU
		{7F79D552-3313-4C98-8C5C-AB76DC09FADB}.Release|Any CPU.ActiveCfg = Release|Any CPU
		{7F79D552-3313-4C98-8C5C-AB76DC09FADB}.Release|Any CPU.Build.0 = Release|Any CPU
	EndGlobalSection
	GlobalSection(SolutionProperties) = preSolution
		HideSolutionNode = FALSE
	EndGlobalSection
	GlobalSection(ExtensibilityGlobals) = postSolution
		SolutionGuid = {3E40AEB7-CD21-4CC6-B76E-F055162E03E1}
	EndGlobalSection
EndGlobal
